{
  "requires": true,
  "lockfileVersion": 1,
  "dependencies": {
    "hauth-lib": {
      "version": "1.0.0",
      "resolved": "https://registry.npmjs.org/hauth-lib/-/hauth-lib-1.0.0.tgz",
      "integrity": "sha512-BjtC3bye6Olip/TdKhvepfTE7cxCMAZfgdwx6s+nBu2uPWCwAewxiRnQmK+amwzO1D7bQX0IYnp8QoqSEJ1BFg=="
    }
  }
}
